<?xml version="1.0" encoding="UTF-8" standalone="yes" ?>
<CodeBlocks_project_file>
	<FileVersion major="1" minor="6" />
	<Project>
		<Option title="ProjetoFinal" />
		<Option pch_mode="2" />
		<Option compiler="gcc" />
		<Build>
			<Target title="Debug">
				<Option output="bin/Debug/ProjetoFinal" prefix_auto="1" extension_auto="1" />
				<Option object_output="obj/Debug/" />
				<Option type="1" />
				<Option compiler="gcc" />
				<Compiler>
					<Add option="-g" />
				</Compiler>
			</Target>
			<Target title="Release">
				<Option output="bin/Release/ProjetoFinal" prefix_auto="1" extension_auto="1" />
				<Option object_output="obj/Release/" />
				<Option type="1" />
				<Option compiler="gcc" />
				<Compiler>
					<Add option="-O2" />
				</Compiler>
				<Linker>
					<Add option="-s" />
				</Linker>
			</Target>
		</Build>
		<Compiler>
			<Add option="-Wall" />
			<Add option="-fexceptions" />
		</Compiler>
		<Unit filename="algoritmosOrdenacao/bubbleSort.cpp" />
		<Unit filename="algoritmosOrdenacao/bubbleSort.h" />
		<Unit filename="algoritmosOrdenacao/heapSort.cpp" />
		<Unit filename="algoritmosOrdenacao/heapSort.h" />
		<Unit filename="algoritmosOrdenacao/insertionSort.cpp" />
		<Unit filename="algoritmosOrdenacao/insertionSort.h" />
		<Unit filename="algoritmosOrdenacao/mergeSort.cpp" />
		<Unit filename="algoritmosOrdenacao/mergeSort.h" />
		<Unit filename="algoritmosOrdenacao/quickSort.cpp" />
		<Unit filename="algoritmosOrdenacao/quickSort.h" />
		<Unit filename="algoritmosOrdenacao/selectionSort.cpp" />
		<Unit filename="algoritmosOrdenacao/selectionSort.h" />
		<Unit filename="algoritmosOrdenacao/shellSort.cpp" />
		<Unit filename="algoritmosOrdenacao/shellSort.h" />
		<Unit filename="libPrincipal.cpp" />
		<Unit filename="libPrincipal.h" />
		<Unit filename="main.cpp" />
		<Extensions>
			<code_completion />
			<envvars />
			<debugger />
			<lib_finder disable_auto="1" />
		</Extensions>
	</Project>
</CodeBlocks_project_file>
